// !$*UTF8*$!
{
	archiveVersion = 1;
	classes = {
	};
	objectVersion = 56;
	objects = {

/* Begin PBXBuildFile section */
		DB0BB8432B54634B00C0EA63 /* HomeView.swift in Sources */ = {isa = PBXBuildFile; fileRef = DB0BB8422B54634B00C0EA63 /* HomeView.swift */; };
		DB0BB8452B546FAD00C0EA63 /* makeCoordinator.swift in Sources */ = {isa = PBXBuildFile; fileRef = DB0BB8442B546FAD00C0EA63 /* makeCoordinator.swift */; };
		DB39B4292B4C827400DED6D6 /* ActiveVibeApp.swift in Sources */ = {isa = PBXBuildFile; fileRef = DB39B4282B4C827400DED6D6 /* ActiveVibeApp.swift */; };
		DB39B42B2B4C827400DED6D6 /* ContentView.swift in Sources */ = {isa = PBXBuildFile; fileRef = DB39B42A2B4C827400DED6D6 /* ContentView.swift */; };
		DB39B42D2B4C827600DED6D6 /* Assets.xcassets in Resources */ = {isa = PBXBuildFile; fileRef = DB39B42C2B4C827600DED6D6 /* Assets.xcassets */; };
		DB39B4302B4C827600DED6D6 /* Preview Assets.xcassets in Resources */ = {isa = PBXBuildFile; fileRef = DB39B42F2B4C827600DED6D6 /* Preview Assets.xcassets */; };
		DB39B43A2B4C92A100DED6D6 /* LoginView.swift in Sources */ = {isa = PBXBuildFile; fileRef = DB39B4392B4C92A100DED6D6 /* LoginView.swift */; };
		DB3F955F2B5ABA5F00D5F065 /* OnBoarding.swift in Sources */ = {isa = PBXBuildFile; fileRef = DB3F955E2B5ABA5F00D5F065 /* OnBoarding.swift */; };
		DB3F95612B5ABA6600D5F065 /* OffsetPageTabView.swift in Sources */ = {isa = PBXBuildFile; fileRef = DB3F95602B5ABA6600D5F065 /* OffsetPageTabView.swift */; };
		DB3F95632B5ABA8F00D5F065 /* BoardingScreen.swift in Sources */ = {isa = PBXBuildFile; fileRef = DB3F95622B5ABA8F00D5F065 /* BoardingScreen.swift */; };
		DB3F956B2B5ACB9700D5F065 /* CustomTextField.swift in Sources */ = {isa = PBXBuildFile; fileRef = DB3F956A2B5ACB9700D5F065 /* CustomTextField.swift */; };
		DB3F956D2B5ACBD500D5F065 /* CustomSecureField.swift in Sources */ = {isa = PBXBuildFile; fileRef = DB3F956C2B5ACBD500D5F065 /* CustomSecureField.swift */; };
		DB3F956F2B5AE18D00D5F065 /* ImagePicker.swift in Sources */ = {isa = PBXBuildFile; fileRef = DB3F956E2B5AE18D00D5F065 /* ImagePicker.swift */; };
		DB3F95712B5AEC5E00D5F065 /* HomeViewModel.swift in Sources */ = {isa = PBXBuildFile; fileRef = DB3F95702B5AEC5E00D5F065 /* HomeViewModel.swift */; };
		DB6112EC2B4F3E4F0001BCF6 /* String.swift in Sources */ = {isa = PBXBuildFile; fileRef = DB6112EB2B4F3E4F0001BCF6 /* String.swift */; };
		DB6112F22B4FF6C80001BCF6 /* SignupView.swift in Sources */ = {isa = PBXBuildFile; fileRef = DB6112F12B4FF6C80001BCF6 /* SignupView.swift */; };
		DB6112FA2B504F5A0001BCF6 /* FirebaseAnalytics in Frameworks */ = {isa = PBXBuildFile; productRef = DB6112F92B504F5A0001BCF6 /* FirebaseAnalytics */; };
		DB6112FC2B504F5A0001BCF6 /* FirebaseAnalyticsOnDeviceConversion in Frameworks */ = {isa = PBXBuildFile; productRef = DB6112FB2B504F5A0001BCF6 /* FirebaseAnalyticsOnDeviceConversion */; };
		DB6112FE2B504F5A0001BCF6 /* FirebaseAnalyticsSwift in Frameworks */ = {isa = PBXBuildFile; productRef = DB6112FD2B504F5A0001BCF6 /* FirebaseAnalyticsSwift */; };
		DB6113002B504F5A0001BCF6 /* FirebaseAnalyticsWithoutAdIdSupport in Frameworks */ = {isa = PBXBuildFile; productRef = DB6112FF2B504F5A0001BCF6 /* FirebaseAnalyticsWithoutAdIdSupport */; };
		DB6113022B504F5A0001BCF6 /* FirebaseAppCheck in Frameworks */ = {isa = PBXBuildFile; productRef = DB6113012B504F5A0001BCF6 /* FirebaseAppCheck */; };
		DB6113042B504F5A0001BCF6 /* FirebaseAppDistribution-Beta in Frameworks */ = {isa = PBXBuildFile; productRef = DB6113032B504F5A0001BCF6 /* FirebaseAppDistribution-Beta */; };
		DB6113062B504F5A0001BCF6 /* FirebaseAuth in Frameworks */ = {isa = PBXBuildFile; productRef = DB6113052B504F5A0001BCF6 /* FirebaseAuth */; };
		DB6113082B504F5A0001BCF6 /* FirebaseAuthCombine-Community in Frameworks */ = {isa = PBXBuildFile; productRef = DB6113072B504F5A0001BCF6 /* FirebaseAuthCombine-Community */; };
		DB61130A2B504F5A0001BCF6 /* FirebaseCrashlytics in Frameworks */ = {isa = PBXBuildFile; productRef = DB6113092B504F5A0001BCF6 /* FirebaseCrashlytics */; };
		DB61130C2B504F5A0001BCF6 /* FirebaseDatabase in Frameworks */ = {isa = PBXBuildFile; productRef = DB61130B2B504F5A0001BCF6 /* FirebaseDatabase */; };
		DB61130E2B504F5A0001BCF6 /* FirebaseDatabaseSwift in Frameworks */ = {isa = PBXBuildFile; productRef = DB61130D2B504F5A0001BCF6 /* FirebaseDatabaseSwift */; };
		DB6113102B504F5A0001BCF6 /* FirebaseDynamicLinks in Frameworks */ = {isa = PBXBuildFile; productRef = DB61130F2B504F5A0001BCF6 /* FirebaseDynamicLinks */; };
		DB6113122B504F5A0001BCF6 /* FirebaseFirestore in Frameworks */ = {isa = PBXBuildFile; productRef = DB6113112B504F5A0001BCF6 /* FirebaseFirestore */; };
		DB6113142B504F5A0001BCF6 /* FirebaseFirestoreCombine-Community in Frameworks */ = {isa = PBXBuildFile; productRef = DB6113132B504F5A0001BCF6 /* FirebaseFirestoreCombine-Community */; };
		DB6113162B504F5A0001BCF6 /* FirebaseFirestoreSwift in Frameworks */ = {isa = PBXBuildFile; productRef = DB6113152B504F5A0001BCF6 /* FirebaseFirestoreSwift */; };
		DB6113182B504F5A0001BCF6 /* FirebaseFunctions in Frameworks */ = {isa = PBXBuildFile; productRef = DB6113172B504F5A0001BCF6 /* FirebaseFunctions */; };
		DB61131A2B504F5A0001BCF6 /* FirebaseFunctionsCombine-Community in Frameworks */ = {isa = PBXBuildFile; productRef = DB6113192B504F5A0001BCF6 /* FirebaseFunctionsCombine-Community */; };
		DB61131C2B504F5A0001BCF6 /* FirebaseInAppMessaging-Beta in Frameworks */ = {isa = PBXBuildFile; productRef = DB61131B2B504F5A0001BCF6 /* FirebaseInAppMessaging-Beta */; };
		DB61131E2B504F5A0001BCF6 /* FirebaseInAppMessagingSwift-Beta in Frameworks */ = {isa = PBXBuildFile; productRef = DB61131D2B504F5A0001BCF6 /* FirebaseInAppMessagingSwift-Beta */; };
		DB6113202B504F5A0001BCF6 /* FirebaseInstallations in Frameworks */ = {isa = PBXBuildFile; productRef = DB61131F2B504F5A0001BCF6 /* FirebaseInstallations */; };
		DB6113222B504F5A0001BCF6 /* FirebaseMLModelDownloader in Frameworks */ = {isa = PBXBuildFile; productRef = DB6113212B504F5A0001BCF6 /* FirebaseMLModelDownloader */; };
		DB6113242B504F5A0001BCF6 /* FirebaseMessaging in Frameworks */ = {isa = PBXBuildFile; productRef = DB6113232B504F5A0001BCF6 /* FirebaseMessaging */; };
		DB6113262B504F5A0001BCF6 /* FirebasePerformance in Frameworks */ = {isa = PBXBuildFile; productRef = DB6113252B504F5A0001BCF6 /* FirebasePerformance */; };
		DB6113282B504F5A0001BCF6 /* FirebaseRemoteConfig in Frameworks */ = {isa = PBXBuildFile; productRef = DB6113272B504F5A0001BCF6 /* FirebaseRemoteConfig */; };
		DB61132A2B504F5A0001BCF6 /* FirebaseRemoteConfigSwift in Frameworks */ = {isa = PBXBuildFile; productRef = DB6113292B504F5A0001BCF6 /* FirebaseRemoteConfigSwift */; };
		DB61132C2B504F5A0001BCF6 /* FirebaseStorage in Frameworks */ = {isa = PBXBuildFile; productRef = DB61132B2B504F5A0001BCF6 /* FirebaseStorage */; };
		DB61132E2B504F5A0001BCF6 /* FirebaseStorageCombine-Community in Frameworks */ = {isa = PBXBuildFile; productRef = DB61132D2B504F5A0001BCF6 /* FirebaseStorageCombine-Community */; };
		DB6113382B507C360001BCF6 /* GoogleService-Info.plist in Resources */ = {isa = PBXBuildFile; fileRef = DB6113372B507C350001BCF6 /* GoogleService-Info.plist */; };
		DBE5B8FC2B5A5F4100774CED /* Home.swift in Sources */ = {isa = PBXBuildFile; fileRef = DBE5B8F92B5A5F4000774CED /* Home.swift */; };
		DBE5B8FD2B5A5F4100774CED /* FitnessStepsGraphView.swift in Sources */ = {isa = PBXBuildFile; fileRef = DBE5B8FA2B5A5F4000774CED /* FitnessStepsGraphView.swift */; };
		DBE5B8FE2B5A5F4100774CED /* FitnessRingCardView.swift in Sources */ = {isa = PBXBuildFile; fileRef = DBE5B8FB2B5A5F4100774CED /* FitnessRingCardView.swift */; };
		DBE5B9042B5A609D00774CED /* Ring.swift in Sources */ = {isa = PBXBuildFile; fileRef = DBE5B9022B5A609D00774CED /* Ring.swift */; };
		DBE5B9052B5A609D00774CED /* Step.swift in Sources */ = {isa = PBXBuildFile; fileRef = DBE5B9032B5A609D00774CED /* Step.swift */; };
/* End PBXBuildFile section */

/* Begin PBXFileReference section */
		DB0BB8422B54634B00C0EA63 /* HomeView.swift */ = {isa = PBXFileReference; lastKnownFileType = sourcecode.swift; path = HomeView.swift; sourceTree = "<group>"; };
		DB0BB8442B546FAD00C0EA63 /* makeCoordinator.swift */ = {isa = PBXFileReference; lastKnownFileType = sourcecode.swift; path = makeCoordinator.swift; sourceTree = "<group>"; };
		DB39B4252B4C827300DED6D6 /* Mobilicis.app */ = {isa = PBXFileReference; explicitFileType = wrapper.application; includeInIndex = 0; path = Mobilicis.app; sourceTree = BUILT_PRODUCTS_DIR; };
		DB39B4282B4C827400DED6D6 /* ActiveVibeApp.swift */ = {isa = PBXFileReference; lastKnownFileType = sourcecode.swift; path = ActiveVibeApp.swift; sourceTree = "<group>"; };
		DB39B42A2B4C827400DED6D6 /* ContentView.swift */ = {isa = PBXFileReference; lastKnownFileType = sourcecode.swift; path = ContentView.swift; sourceTree = "<group>"; };
		DB39B42C2B4C827600DED6D6 /* Assets.xcassets */ = {isa = PBXFileReference; lastKnownFileType = folder.assetcatalog; path = Assets.xcassets; sourceTree = "<group>"; };
		DB39B42F2B4C827600DED6D6 /* Preview Assets.xcassets */ = {isa = PBXFileReference; lastKnownFileType = folder.assetcatalog; path = "Preview Assets.xcassets"; sourceTree = "<group>"; };
		DB39B4392B4C92A100DED6D6 /* LoginView.swift */ = {isa = PBXFileReference; lastKnownFileType = sourcecode.swift; path = LoginView.swift; sourceTree = "<group>"; };
		DB3F955E2B5ABA5F00D5F065 /* OnBoarding.swift */ = {isa = PBXFileReference; fileEncoding = 4; lastKnownFileType = sourcecode.swift; path = OnBoarding.swift; sourceTree = "<group>"; };
		DB3F95602B5ABA6600D5F065 /* OffsetPageTabView.swift */ = {isa = PBXFileReference; fileEncoding = 4; lastKnownFileType = sourcecode.swift; path = OffsetPageTabView.swift; sourceTree = "<group>"; };
		DB3F95622B5ABA8F00D5F065 /* BoardingScreen.swift */ = {isa = PBXFileReference; fileEncoding = 4; lastKnownFileType = sourcecode.swift; path = BoardingScreen.swift; sourceTree = "<group>"; };
		DB3F956A2B5ACB9700D5F065 /* CustomTextField.swift */ = {isa = PBXFileReference; lastKnownFileType = sourcecode.swift; path = CustomTextField.swift; sourceTree = "<group>"; };
		DB3F956C2B5ACBD500D5F065 /* CustomSecureField.swift */ = {isa = PBXFileReference; lastKnownFileType = sourcecode.swift; path = CustomSecureField.swift; sourceTree = "<group>"; };
		DB3F956E2B5AE18D00D5F065 /* ImagePicker.swift */ = {isa = PBXFileReference; lastKnownFileType = sourcecode.swift; path = ImagePicker.swift; sourceTree = "<group>"; };
		DB3F95702B5AEC5E00D5F065 /* HomeViewModel.swift */ = {isa = PBXFileReference; lastKnownFileType = sourcecode.swift; path = HomeViewModel.swift; sourceTree = "<group>"; };
		DB6112EB2B4F3E4F0001BCF6 /* String.swift */ = {isa = PBXFileReference; lastKnownFileType = sourcecode.swift; path = String.swift; sourceTree = "<group>"; };
		DB6112F12B4FF6C80001BCF6 /* SignupView.swift */ = {isa = PBXFileReference; lastKnownFileType = sourcecode.swift; path = SignupView.swift; sourceTree = "<group>"; };
		DB6113372B507C350001BCF6 /* GoogleService-Info.plist */ = {isa = PBXFileReference; fileEncoding = 4; lastKnownFileType = text.plist.xml; name = "GoogleService-Info.plist"; path = "../../Downloads/GoogleService-Info.plist"; sourceTree = "<group>"; };
		DB6113392B507C3A0001BCF6 /* GoogleService-Info.plist */ = {isa = PBXFileReference; lastKnownFileType = text.plist.xml; path = "GoogleService-Info.plist"; sourceTree = "<group>"; };
		DBE5B8F92B5A5F4000774CED /* Home.swift */ = {isa = PBXFileReference; fileEncoding = 4; lastKnownFileType = sourcecode.swift; path = Home.swift; sourceTree = "<group>"; };
		DBE5B8FA2B5A5F4000774CED /* FitnessStepsGraphView.swift */ = {isa = PBXFileReference; fileEncoding = 4; lastKnownFileType = sourcecode.swift; path = FitnessStepsGraphView.swift; sourceTree = "<group>"; };
		DBE5B8FB2B5A5F4100774CED /* FitnessRingCardView.swift */ = {isa = PBXFileReference; fileEncoding = 4; lastKnownFileType = sourcecode.swift; path = FitnessRingCardView.swift; sourceTree = "<group>"; };
		DBE5B9022B5A609D00774CED /* Ring.swift */ = {isa = PBXFileReference; fileEncoding = 4; lastKnownFileType = sourcecode.swift; path = Ring.swift; sourceTree = "<group>"; };
		DBE5B9032B5A609D00774CED /* Step.swift */ = {isa = PBXFileReference; fileEncoding = 4; lastKnownFileType = sourcecode.swift; path = Step.swift; sourceTree = "<group>"; };
/* End PBXFileReference section */

/* Begin PBXFrameworksBuildPhase section */
		DB39B4222B4C827300DED6D6 /* Frameworks */ = {
			isa = PBXFrameworksBuildPhase;
			buildActionMask = 2147483647;
			files = (
				DB61130C2B504F5A0001BCF6 /* FirebaseDatabase in Frameworks */,
				DB61131A2B504F5A0001BCF6 /* FirebaseFunctionsCombine-Community in Frameworks */,
				DB6113122B504F5A0001BCF6 /* FirebaseFirestore in Frameworks */,
				DB6112FE2B504F5A0001BCF6 /* FirebaseAnalyticsSwift in Frameworks */,
				DB6112FA2B504F5A0001BCF6 /* FirebaseAnalytics in Frameworks */,
				DB6112FC2B504F5A0001BCF6 /* FirebaseAnalyticsOnDeviceConversion in Frameworks */,
				DB6113222B504F5A0001BCF6 /* FirebaseMLModelDownloader in Frameworks */,
				DB6113162B504F5A0001BCF6 /* FirebaseFirestoreSwift in Frameworks */,
				DB6113022B504F5A0001BCF6 /* FirebaseAppCheck in Frameworks */,
				DB6113002B504F5A0001BCF6 /* FirebaseAnalyticsWithoutAdIdSupport in Frameworks */,
				DB6113062B504F5A0001BCF6 /* FirebaseAuth in Frameworks */,
				DB61130A2B504F5A0001BCF6 /* FirebaseCrashlytics in Frameworks */,
				DB61132A2B504F5A0001BCF6 /* FirebaseRemoteConfigSwift in Frameworks */,
				DB61131C2B504F5A0001BCF6 /* FirebaseInAppMessaging-Beta in Frameworks */,
				DB61130E2B504F5A0001BCF6 /* FirebaseDatabaseSwift in Frameworks */,
				DB6113182B504F5A0001BCF6 /* FirebaseFunctions in Frameworks */,
				DB61132E2B504F5A0001BCF6 /* FirebaseStorageCombine-Community in Frameworks */,
				DB6113282B504F5A0001BCF6 /* FirebaseRemoteConfig in Frameworks */,
				DB6113042B504F5A0001BCF6 /* FirebaseAppDistribution-Beta in Frameworks */,
				DB6113082B504F5A0001BCF6 /* FirebaseAuthCombine-Community in Frameworks */,
				DB6113262B504F5A0001BCF6 /* FirebasePerformance in Frameworks */,
				DB61131E2B504F5A0001BCF6 /* FirebaseInAppMessagingSwift-Beta in Frameworks */,
				DB61132C2B504F5A0001BCF6 /* FirebaseStorage in Frameworks */,
				DB6113102B504F5A0001BCF6 /* FirebaseDynamicLinks in Frameworks */,
				DB6113142B504F5A0001BCF6 /* FirebaseFirestoreCombine-Community in Frameworks */,
				DB6113242B504F5A0001BCF6 /* FirebaseMessaging in Frameworks */,
				DB6113202B504F5A0001BCF6 /* FirebaseInstallations in Frameworks */,
			);
			runOnlyForDeploymentPostprocessing = 0;
		};
/* End PBXFrameworksBuildPhase section */

/* Begin PBXGroup section */
		DB39B41C2B4C827300DED6D6 = {
			isa = PBXGroup;
			children = (
				DB6113372B507C350001BCF6 /* GoogleService-Info.plist */,
				DB39B4272B4C827300DED6D6 /* ActiveVibe */,
				DB39B4262B4C827300DED6D6 /* Products */,
			);
			sourceTree = "<group>";
		};
		DB39B4262B4C827300DED6D6 /* Products */ = {
			isa = PBXGroup;
			children = (
				DB39B4252B4C827300DED6D6 /* Mobilicis.app */,
			);
			name = Products;
			sourceTree = "<group>";
		};
		DB39B4272B4C827300DED6D6 /* ActiveVibe */ = {
			isa = PBXGroup;
			children = (
				DBE5B9012B5A606F00774CED /* Modal */,
				DB6113392B507C3A0001BCF6 /* GoogleService-Info.plist */,
				DB6112EA2B4F3E180001BCF6 /* Extensions */,
				DB39B4362B4C916300DED6D6 /* Views */,
				DB39B4282B4C827400DED6D6 /* ActiveVibeApp.swift */,
				DB39B42A2B4C827400DED6D6 /* ContentView.swift */,
				DB39B42C2B4C827600DED6D6 /* Assets.xcassets */,
				DB39B42E2B4C827600DED6D6 /* Preview Content */,
			);
			path = ActiveVibe;
			sourceTree = "<group>";
		};
		DB39B42E2B4C827600DED6D6 /* Preview Content */ = {
			isa = PBXGroup;
			children = (
				DB39B42F2B4C827600DED6D6 /* Preview Assets.xcassets */,
			);
			path = "Preview Content";
			sourceTree = "<group>";
		};
		DB39B4362B4C916300DED6D6 /* Views */ = {
			isa = PBXGroup;
			children = (
				DB3F95602B5ABA6600D5F065 /* OffsetPageTabView.swift */,
				DB39B4392B4C92A100DED6D6 /* LoginView.swift */,
				DB6112F12B4FF6C80001BCF6 /* SignupView.swift */,
				DBE5B8FB2B5A5F4100774CED /* FitnessRingCardView.swift */,
				DBE5B8FA2B5A5F4000774CED /* FitnessStepsGraphView.swift */,
				DBE5B8F92B5A5F4000774CED /* Home.swift */,
				DB0BB8422B54634B00C0EA63 /* HomeView.swift */,
				DB3F956A2B5ACB9700D5F065 /* CustomTextField.swift */,
				DB3F956C2B5ACBD500D5F065 /* CustomSecureField.swift */,
				DB3F955E2B5ABA5F00D5F065 /* OnBoarding.swift */,
				DB3F956E2B5AE18D00D5F065 /* ImagePicker.swift */,
				DB3F95702B5AEC5E00D5F065 /* HomeViewModel.swift */,
			);
			path = Views;
			sourceTree = "<group>";
		};
		DB6112EA2B4F3E180001BCF6 /* Extensions */ = {
			isa = PBXGroup;
			children = (
				DB6112EB2B4F3E4F0001BCF6 /* String.swift */,
				DB0BB8442B546FAD00C0EA63 /* makeCoordinator.swift */,
			);
			path = Extensions;
			sourceTree = "<group>";
		};
		DBE5B9012B5A606F00774CED /* Modal */ = {
			isa = PBXGroup;
			children = (
				DB3F95622B5ABA8F00D5F065 /* BoardingScreen.swift */,
				DBE5B9022B5A609D00774CED /* Ring.swift */,
				DBE5B9032B5A609D00774CED /* Step.swift */,
			);
			path = Modal;
			sourceTree = "<group>";
		};
/* End PBXGroup section */

/* Begin PBXNativeTarget section */
		DB39B4242B4C827300DED6D6 /* Mobilicis */ = {
			isa = PBXNativeTarget;
			buildConfigurationList = DB39B4332B4C827600DED6D6 /* Build configuration list for PBXNativeTarget "Mobilicis" */;
			buildPhases = (
				DB39B4212B4C827300DED6D6 /* Sources */,
				DB39B4222B4C827300DED6D6 /* Frameworks */,
				DB39B4232B4C827300DED6D6 /* Resources */,
			);
			buildRules = (
			);
			dependencies = (
			);
			name = Mobilicis;
			packageProductDependencies = (
				DB6112F92B504F5A0001BCF6 /* FirebaseAnalytics */,
				DB6112FB2B504F5A0001BCF6 /* FirebaseAnalyticsOnDeviceConversion */,
				DB6112FD2B504F5A0001BCF6 /* FirebaseAnalyticsSwift */,
				DB6112FF2B504F5A0001BCF6 /* FirebaseAnalyticsWithoutAdIdSupport */,
				DB6113012B504F5A0001BCF6 /* FirebaseAppCheck */,
				DB6113032B504F5A0001BCF6 /* FirebaseAppDistribution-Beta */,
				DB6113052B504F5A0001BCF6 /* FirebaseAuth */,
				DB6113072B504F5A0001BCF6 /* FirebaseAuthCombine-Community */,
				DB6113092B504F5A0001BCF6 /* FirebaseCrashlytics */,
				DB61130B2B504F5A0001BCF6 /* FirebaseDatabase */,
				DB61130D2B504F5A0001BCF6 /* FirebaseDatabaseSwift */,
				DB61130F2B504F5A0001BCF6 /* FirebaseDynamicLinks */,
				DB6113112B504F5A0001BCF6 /* FirebaseFirestore */,
				DB6113132B504F5A0001BCF6 /* FirebaseFirestoreCombine-Community */,
				DB6113152B504F5A0001BCF6 /* FirebaseFirestoreSwift */,
				DB6113172B504F5A0001BCF6 /* FirebaseFunctions */,
				DB6113192B504F5A0001BCF6 /* FirebaseFunctionsCombine-Community */,
				DB61131B2B504F5A0001BCF6 /* FirebaseInAppMessaging-Beta */,
				DB61131D2B504F5A0001BCF6 /* FirebaseInAppMessagingSwift-Beta */,
				DB61131F2B504F5A0001BCF6 /* FirebaseInstallations */,
				DB6113212B504F5A0001BCF6 /* FirebaseMLModelDownloader */,
				DB6113232B504F5A0001BCF6 /* FirebaseMessaging */,
				DB6113252B504F5A0001BCF6 /* FirebasePerformance */,
				DB6113272B504F5A0001BCF6 /* FirebaseRemoteConfig */,
				DB6113292B504F5A0001BCF6 /* FirebaseRemoteConfigSwift */,
				DB61132B2B504F5A0001BCF6 /* FirebaseStorage */,
				DB61132D2B504F5A0001BCF6 /* FirebaseStorageCombine-Community */,
			);
			productName = ActiveVibe;
			productReference = DB39B4252B4C827300DED6D6 /* Mobilicis.app */;
			productType = "com.apple.product-type.application";
		};
/* End PBXNativeTarget section */

/* Begin PBXProject section */
		DB39B41D2B4C827300DED6D6 /* Project object */ = {
			isa = PBXProject;
			attributes = {
				BuildIndependentTargetsInParallel = 1;
				LastSwiftUpdateCheck = 1510;
				LastUpgradeCheck = 1510;
				TargetAttributes = {
					DB39B4242B4C827300DED6D6 = {
						CreatedOnToolsVersion = 15.1;
					};
				};
			};
			buildConfigurationList = DB39B4202B4C827300DED6D6 /* Build configuration list for PBXProject "Mobilicis" */;
			compatibilityVersion = "Xcode 14.0";
			developmentRegion = en;
			hasScannedForEncodings = 0;
			knownRegions = (
				en,
				Base,
			);
			mainGroup = DB39B41C2B4C827300DED6D6;
			packageReferences = (
				DB6112F82B504F5A0001BCF6 /* XCRemoteSwiftPackageReference "firebase-ios-sdk" */,
			);
			productRefGroup = DB39B4262B4C827300DED6D6 /* Products */;
			projectDirPath = "";
			projectRoot = "";
			targets = (
				DB39B4242B4C827300DED6D6 /* Mobilicis */,
			);
		};
/* End PBXProject section */

/* Begin PBXResourcesBuildPhase section */
		DB39B4232B4C827300DED6D6 /* Resources */ = {
			isa = PBXResourcesBuildPhase;
			buildActionMask = 2147483647;
			files = (
				DB39B4302B4C827600DED6D6 /* Preview Assets.xcassets in Resources */,
				DB39B42D2B4C827600DED6D6 /* Assets.xcassets in Resources */,
				DB6113382B507C360001BCF6 /* GoogleService-Info.plist in Resources */,
			);
			runOnlyForDeploymentPostprocessing = 0;
		};
/* End PBXResourcesBuildPhase section */

/* Begin PBXSourcesBuildPhase section */
		DB39B4212B4C827300DED6D6 /* Sources */ = {
			isa = PBXSourcesBuildPhase;
			buildActionMask = 2147483647;
			files = (
				DB3F95712B5AEC5E00D5F065 /* HomeViewModel.swift in Sources */,
				DB39B43A2B4C92A100DED6D6 /* LoginView.swift in Sources */,
				DB3F956D2B5ACBD500D5F065 /* CustomSecureField.swift in Sources */,
				DB0BB8432B54634B00C0EA63 /* HomeView.swift in Sources */,
				DBE5B8FC2B5A5F4100774CED /* Home.swift in Sources */,
				DBE5B9052B5A609D00774CED /* Step.swift in Sources */,
				DB3F955F2B5ABA5F00D5F065 /* OnBoarding.swift in Sources */,
				DBE5B8FD2B5A5F4100774CED /* FitnessStepsGraphView.swift in Sources */,
				DB0BB8452B546FAD00C0EA63 /* makeCoordinator.swift in Sources */,
				DBE5B8FE2B5A5F4100774CED /* FitnessRingCardView.swift in Sources */,
				DB3F956B2B5ACB9700D5F065 /* CustomTextField.swift in Sources */,
				DB3F95612B5ABA6600D5F065 /* OffsetPageTabView.swift in Sources */,
				DB39B42B2B4C827400DED6D6 /* ContentView.swift in Sources */,
				DBE5B9042B5A609D00774CED /* Ring.swift in Sources */,
				DB6112EC2B4F3E4F0001BCF6 /* String.swift in Sources */,
				DB39B4292B4C827400DED6D6 /* ActiveVibeApp.swift in Sources */,
				DB3F956F2B5AE18D00D5F065 /* ImagePicker.swift in Sources */,
				DB3F95632B5ABA8F00D5F065 /* BoardingScreen.swift in Sources */,
				DB6112F22B4FF6C80001BCF6 /* SignupView.swift in Sources */,
			);
			runOnlyForDeploymentPostprocessing = 0;
		};
/* End PBXSourcesBuildPhase section */

/* Begin XCBuildConfiguration section */
		DB39B4312B4C827600DED6D6 /* Debug */ = {
			isa = XCBuildConfiguration;
			buildSettings = {
				ALWAYS_SEARCH_USER_PATHS = NO;
				ASSETCATALOG_COMPILER_GENERATE_SWIFT_ASSET_SYMBOL_EXTENSIONS = YES;
				CLANG_ANALYZER_NONNULL = YES;
				CLANG_ANALYZER_NUMBER_OBJECT_CONVERSION = YES_AGGRESSIVE;
				CLANG_CXX_LANGUAGE_STANDARD = "gnu++20";
				CLANG_ENABLE_MODULES = YES;
				CLANG_ENABLE_OBJC_ARC = YES;
				CLANG_ENABLE_OBJC_WEAK = YES;
				CLANG_WARN_BLOCK_CAPTURE_AUTORELEASING = YES;
				CLANG_WARN_BOOL_CONVERSION = YES;
				CLANG_WARN_COMMA = YES;
				CLANG_WARN_CONSTANT_CONVERSION = YES;
				CLANG_WARN_DEPRECATED_OBJC_IMPLEMENTATIONS = YES;
				CLANG_WARN_DIRECT_OBJC_ISA_USAGE = YES_ERROR;
				CLANG_WARN_DOCUMENTATION_COMMENTS = YES;
				CLANG_WARN_EMPTY_BODY = YES;
				CLANG_WARN_ENUM_CONVERSION = YES;
				CLANG_WARN_INFINITE_RECURSION = YES;
				CLANG_WARN_INT_CONVERSION = YES;
				CLANG_WARN_NON_LITERAL_NULL_CONVERSION = YES;
				CLANG_WARN_OBJC_IMPLICIT_RETAIN_SELF = YES;
				CLANG_WARN_OBJC_LITERAL_CONVERSION = YES;
				CLANG_WARN_OBJC_ROOT_CLASS = YES_ERROR;
				CLANG_WARN_QUOTED_INCLUDE_IN_FRAMEWORK_HEADER = YES;
				CLANG_WARN_RANGE_LOOP_ANALYSIS = YES;
				CLANG_WARN_STRICT_PROTOTYPES = YES;
				CLANG_WARN_SUSPICIOUS_MOVE = YES;
				CLANG_WARN_UNGUARDED_AVAILABILITY = YES_AGGRESSIVE;
				CLANG_WARN_UNREACHABLE_CODE = YES;
				CLANG_WARN__DUPLICATE_METHOD_MATCH = YES;
				COPY_PHASE_STRIP = NO;
				DEBUG_INFORMATION_FORMAT = dwarf;
				ENABLE_STRICT_OBJC_MSGSEND = YES;
				ENABLE_TESTABILITY = YES;
				ENABLE_USER_SCRIPT_SANDBOXING = YES;
				GCC_C_LANGUAGE_STANDARD = gnu17;
				GCC_DYNAMIC_NO_PIC = NO;
				GCC_NO_COMMON_BLOCKS = YES;
				GCC_OPTIMIZATION_LEVEL = 0;
				GCC_PREPROCESSOR_DEFINITIONS = (
					"DEBUG=1",
					"$(inherited)",
				);
				GCC_WARN_64_TO_32_BIT_CONVERSION = YES;
				GCC_WARN_ABOUT_RETURN_TYPE = YES_ERROR;
				GCC_WARN_UNDECLARED_SELECTOR = YES;
				GCC_WARN_UNINITIALIZED_AUTOS = YES_AGGRESSIVE;
				GCC_WARN_UNUSED_FUNCTION = YES;
				GCC_WARN_UNUSED_VARIABLE = YES;
				IPHONEOS_DEPLOYMENT_TARGET = 17.2;
				LOCALIZATION_PREFERS_STRING_CATALOGS = YES;
				MTL_ENABLE_DEBUG_INFO = INCLUDE_SOURCE;
				MTL_FAST_MATH = YES;
				ONLY_ACTIVE_ARCH = YES;
				SDKROOT = iphoneos;
				SWIFT_ACTIVE_COMPILATION_CONDITIONS = "DEBUG $(inherited)";
				SWIFT_OPTIMIZATION_LEVEL = "-Onone";
			};
			name = Debug;
		};
		DB39B4322B4C827600DED6D6 /* Release */ = {
			isa = XCBuildConfiguration;
			buildSettings = {
				ALWAYS_SEARCH_USER_PATHS = NO;
				ASSETCATALOG_COMPILER_GENERATE_SWIFT_ASSET_SYMBOL_EXTENSIONS = YES;
				CLANG_ANALYZER_NONNULL = YES;
				CLANG_ANALYZER_NUMBER_OBJECT_CONVERSION = YES_AGGRESSIVE;
				CLANG_CXX_LANGUAGE_STANDARD = "gnu++20";
				CLANG_ENABLE_MODULES = YES;
				CLANG_ENABLE_OBJC_ARC = YES;
				CLANG_ENABLE_OBJC_WEAK = YES;
				CLANG_WARN_BLOCK_CAPTURE_AUTORELEASING = YES;
				CLANG_WARN_BOOL_CONVERSION = YES;
				CLANG_WARN_COMMA = YES;
				CLANG_WARN_CONSTANT_CONVERSION = YES;
				CLANG_WARN_DEPRECATED_OBJC_IMPLEMENTATIONS = YES;
				CLANG_WARN_DIRECT_OBJC_ISA_USAGE = YES_ERROR;
				CLANG_WARN_DOCUMENTATION_COMMENTS = YES;
				CLANG_WARN_EMPTY_BODY = YES;
				CLANG_WARN_ENUM_CONVERSION = YES;
				CLANG_WARN_INFINITE_RECURSION = YES;
				CLANG_WARN_INT_CONVERSION = YES;
				CLANG_WARN_NON_LITERAL_NULL_CONVERSION = YES;
				CLANG_WARN_OBJC_IMPLICIT_RETAIN_SELF = YES;
				CLANG_WARN_OBJC_LITERAL_CONVERSION = YES;
				CLANG_WARN_OBJC_ROOT_CLASS = YES_ERROR;
				CLANG_WARN_QUOTED_INCLUDE_IN_FRAMEWORK_HEADER = YES;
				CLANG_WARN_RANGE_LOOP_ANALYSIS = YES;
				CLANG_WARN_STRICT_PROTOTYPES = YES;
				CLANG_WARN_SUSPICIOUS_MOVE = YES;
				CLANG_WARN_UNGUARDED_AVAILABILITY = YES_AGGRESSIVE;
				CLANG_WARN_UNREACHABLE_CODE = YES;
				CLANG_WARN__DUPLICATE_METHOD_MATCH = YES;
				COPY_PHASE_STRIP = NO;
				DEBUG_INFORMATION_FORMAT = "dwarf-with-dsym";
				ENABLE_NS_ASSERTIONS = NO;
				ENABLE_STRICT_OBJC_MSGSEND = YES;
				ENABLE_USER_SCRIPT_SANDBOXING = YES;
				GCC_C_LANGUAGE_STANDARD = gnu17;
				GCC_NO_COMMON_BLOCKS = YES;
				GCC_WARN_64_TO_32_BIT_CONVERSION = YES;
				GCC_WARN_ABOUT_RETURN_TYPE = YES_ERROR;
				GCC_WARN_UNDECLARED_SELECTOR = YES;
				GCC_WARN_UNINITIALIZED_AUTOS = YES_AGGRESSIVE;
				GCC_WARN_UNUSED_FUNCTION = YES;
				GCC_WARN_UNUSED_VARIABLE = YES;
				IPHONEOS_DEPLOYMENT_TARGET = 17.2;
				LOCALIZATION_PREFERS_STRING_CATALOGS = YES;
				MTL_ENABLE_DEBUG_INFO = NO;
				MTL_FAST_MATH = YES;
				SDKROOT = iphoneos;
				SWIFT_COMPILATION_MODE = wholemodule;
				VALIDATE_PRODUCT = YES;
			};
			name = Release;
		};
		DB39B4342B4C827600DED6D6 /* Debug */ = {
			isa = XCBuildConfiguration;
			buildSettings = {
				ASSETCATALOG_COMPILER_APPICON_NAME = AppIcon;
				ASSETCATALOG_COMPILER_GLOBAL_ACCENT_COLOR_NAME = AccentColor;
				CODE_SIGN_STYLE = Automatic;
				CURRENT_PROJECT_VERSION = 1;
				DEVELOPMENT_ASSET_PATHS = "../GoogleService-Info.plist";
				DEVELOPMENT_TEAM = 3LUNZ43L4D;
				ENABLE_PREVIEWS = YES;
				GENERATE_INFOPLIST_FILE = YES;
				INFOPLIST_KEY_UIApplicationSceneManifest_Generation = YES;
				INFOPLIST_KEY_UIApplicationSupportsIndirectInputEvents = YES;
				INFOPLIST_KEY_UILaunchScreen_Generation = YES;
				INFOPLIST_KEY_UISupportedInterfaceOrientations_iPad = "UIInterfaceOrientationPortrait UIInterfaceOrientationPortraitUpsideDown UIInterfaceOrientationLandscapeLeft UIInterfaceOrientationLandscapeRight";
				INFOPLIST_KEY_UISupportedInterfaceOrientations_iPhone = "UIInterfaceOrientationPortrait UIInterfaceOrientationLandscapeLeft UIInterfaceOrientationLandscapeRight";
				LD_RUNPATH_SEARCH_PATHS = (
					"$(inherited)",
					"@executable_path/Frameworks",
				);
				MARKETING_VERSION = 1.0;
				PRODUCT_BUNDLE_IDENTIFIER = com.vaibhav.ActiveVibe;
				PRODUCT_NAME = "$(TARGET_NAME)";
				SWIFT_EMIT_LOC_STRINGS = YES;
				SWIFT_VERSION = 5.0;
				TARGETED_DEVICE_FAMILY = "1,2";
			};
			name = Debug;
		};
		DB39B4352B4C827600DED6D6 /* Release */ = {
			isa = XCBuildConfiguration;
			buildSettings = {
				ASSETCATALOG_COMPILER_APPICON_NAME = AppIcon;
				ASSETCATALOG_COMPILER_GLOBAL_ACCENT_COLOR_NAME = AccentColor;
				CODE_SIGN_STYLE = Automatic;
				CURRENT_PROJECT_VERSION = 1;
				DEVELOPMENT_ASSET_PATHS = "../GoogleService-Info.plist";
				DEVELOPMENT_TEAM = 3LUNZ43L4D;
				ENABLE_PREVIEWS = YES;
				GENERATE_INFOPLIST_FILE = YES;
				INFOPLIST_KEY_UIApplicationSceneManifest_Generation = YES;
				INFOPLIST_KEY_UIApplicationSupportsIndirectInputEvents = YES;
				INFOPLIST_KEY_UILaunchScreen_Generation = YES;
				INFOPLIST_KEY_UISupportedInterfaceOrientations_iPad = "UIInterfaceOrientationPortrait UIInterfaceOrientationPortraitUpsideDown UIInterfaceOrientationLandscapeLeft UIInterfaceOrientationLandscapeRight";
				INFOPLIST_KEY_UISupportedInterfaceOrientations_iPhone = "UIInterfaceOrientationPortrait UIInterfaceOrientationLandscapeLeft UIInterfaceOrientationLandscapeRight";
				LD_RUNPATH_SEARCH_PATHS = (
					"$(inherited)",
					"@executable_path/Frameworks",
				);
				MARKETING_VERSION = 1.0;
				PRODUCT_BUNDLE_IDENTIFIER = com.vaibhav.ActiveVibe;
				PRODUCT_NAME = "$(TARGET_NAME)";
				SWIFT_EMIT_LOC_STRINGS = YES;
				SWIFT_VERSION = 5.0;
				TARGETED_DEVICE_FAMILY = "1,2";
			};
			name = Release;
		};
/* End XCBuildConfiguration section */

/* Begin XCConfigurationList section */
		DB39B4202B4C827300DED6D6 /* Build configuration list for PBXProject "Mobilicis" */ = {
			isa = XCConfigurationList;
			buildConfigurations = (
				DB39B4312B4C827600DED6D6 /* Debug */,
				DB39B4322B4C827600DED6D6 /* Release */,
			);
			defaultConfigurationIsVisible = 0;
			defaultConfigurationName = Release;
		};
		DB39B4332B4C827600DED6D6 /* Build configuration list for PBXNativeTarget "Mobilicis" */ = {
			isa = XCConfigurationList;
			buildConfigurations = (
				DB39B4342B4C827600DED6D6 /* Debug */,
				DB39B4352B4C827600DED6D6 /* Release */,
			);
			defaultConfigurationIsVisible = 0;
			defaultConfigurationName = Release;
		};
/* End XCConfigurationList section */

/* Begin XCRemoteSwiftPackageReference section */
		DB6112F82B504F5A0001BCF6 /* XCRemoteSwiftPackageReference "firebase-ios-sdk" */ = {
			isa = XCRemoteSwiftPackageReference;
			repositoryURL = "https://github.com/firebase/firebase-ios-sdk";
			requirement = {
				kind = exactVersion;
				version = 10.19.1;
			};
		};
/* End XCRemoteSwiftPackageReference section */

/* Begin XCSwiftPackageProductDependency section */
		DB6112F92B504F5A0001BCF6 /* FirebaseAnalytics */ = {
			isa = XCSwiftPackageProductDependency;
			package = DB6112F82B504F5A0001BCF6 /* XCRemoteSwiftPackageReference "firebase-ios-sdk" */;
			productName = FirebaseAnalytics;
		};
		DB6112FB2B504F5A0001BCF6 /* FirebaseAnalyticsOnDeviceConversion */ = {
			isa = XCSwiftPackageProductDependency;
			package = DB6112F82B504F5A0001BCF6 /* XCRemoteSwiftPackageReference "firebase-ios-sdk" */;
			productName = FirebaseAnalyticsOnDeviceConversion;
		};
		DB6112FD2B504F5A0001BCF6 /* FirebaseAnalyticsSwift */ = {
			isa = XCSwiftPackageProductDependency;
			package = DB6112F82B504F5A0001BCF6 /* XCRemoteSwiftPackageReference "firebase-ios-sdk" */;
			productName = FirebaseAnalyticsSwift;
		};
		DB6112FF2B504F5A0001BCF6 /* FirebaseAnalyticsWithoutAdIdSupport */ = {
			isa = XCSwiftPackageProductDependency;
			package = DB6112F82B504F5A0001BCF6 /* XCRemoteSwiftPackageReference "firebase-ios-sdk" */;
			productName = FirebaseAnalyticsWithoutAdIdSupport;
		};
		DB6113012B504F5A0001BCF6 /* FirebaseAppCheck */ = {
			isa = XCSwiftPackageProductDependency;
			package = DB6112F82B504F5A0001BCF6 /* XCRemoteSwiftPackageReference "firebase-ios-sdk" */;
			productName = FirebaseAppCheck;
		};
		DB6113032B504F5A0001BCF6 /* FirebaseAppDistribution-Beta */ = {
			isa = XCSwiftPackageProductDependency;
			package = DB6112F82B504F5A0001BCF6 /* XCRemoteSwiftPackageReference "firebase-ios-sdk" */;
			productName = "FirebaseAppDistribution-Beta";
		};
		DB6113052B504F5A0001BCF6 /* FirebaseAuth */ = {
			isa = XCSwiftPackageProductDependency;
			package = DB6112F82B504F5A0001BCF6 /* XCRemoteSwiftPackageReference "firebase-ios-sdk" */;
			productName = FirebaseAuth;
		};
		DB6113072B504F5A0001BCF6 /* FirebaseAuthCombine-Community */ = {
			isa = XCSwiftPackageProductDependency;
			package = DB6112F82B504F5A0001BCF6 /* XCRemoteSwiftPackageReference "firebase-ios-sdk" */;
			productName = "FirebaseAuthCombine-Community";
		};
		DB6113092B504F5A0001BCF6 /* FirebaseCrashlytics */ = {
			isa = XCSwiftPackageProductDependency;
			package = DB6112F82B504F5A0001BCF6 /* XCRemoteSwiftPackageReference "firebase-ios-sdk" */;
			productName = FirebaseCrashlytics;
		};
		DB61130B2B504F5A0001BCF6 /* FirebaseDatabase */ = {
			isa = XCSwiftPackageProductDependency;
			package = DB6112F82B504F5A0001BCF6 /* XCRemoteSwiftPackageReference "firebase-ios-sdk" */;
			productName = FirebaseDatabase;
		};
		DB61130D2B504F5A0001BCF6 /* FirebaseDatabaseSwift */ = {
			isa = XCSwiftPackageProductDependency;
			package = DB6112F82B504F5A0001BCF6 /* XCRemoteSwiftPackageReference "firebase-ios-sdk" */;
			productName = FirebaseDatabaseSwift;
		};
		DB61130F2B504F5A0001BCF6 /* FirebaseDynamicLinks */ = {
			isa = XCSwiftPackageProductDependency;
			package = DB6112F82B504F5A0001BCF6 /* XCRemoteSwiftPackageReference "firebase-ios-sdk" */;
			productName = FirebaseDynamicLinks;
		};
		DB6113112B504F5A0001BCF6 /* FirebaseFirestore */ = {
			isa = XCSwiftPackageProductDependency;
			package = DB6112F82B504F5A0001BCF6 /* XCRemoteSwiftPackageReference "firebase-ios-sdk" */;
			productName = FirebaseFirestore;
		};
		DB6113132B504F5A0001BCF6 /* FirebaseFirestoreCombine-Community */ = {
			isa = XCSwiftPackageProductDependency;
			package = DB6112F82B504F5A0001BCF6 /* XCRemoteSwiftPackageReference "firebase-ios-sdk" */;
			productName = "FirebaseFirestoreCombine-Community";
		};
		DB6113152B504F5A0001BCF6 /* FirebaseFirestoreSwift */ = {
			isa = XCSwiftPackageProductDependency;
			package = DB6112F82B504F5A0001BCF6 /* XCRemoteSwiftPackageReference "firebase-ios-sdk" */;
			productName = FirebaseFirestoreSwift;
		};
		DB6113172B504F5A0001BCF6 /* FirebaseFunctions */ = {
			isa = XCSwiftPackageProductDependency;
			package = DB6112F82B504F5A0001BCF6 /* XCRemoteSwiftPackageReference "firebase-ios-sdk" */;
			productName = FirebaseFunctions;
		};
		DB6113192B504F5A0001BCF6 /* FirebaseFunctionsCombine-Community */ = {
			isa = XCSwiftPackageProductDependency;
			package = DB6112F82B504F5A0001BCF6 /* XCRemoteSwiftPackageReference "firebase-ios-sdk" */;
			productName = "FirebaseFunctionsCombine-Community";
		};
		DB61131B2B504F5A0001BCF6 /* FirebaseInAppMessaging-Beta */ = {
			isa = XCSwiftPackageProductDependency;
			package = DB6112F82B504F5A0001BCF6 /* XCRemoteSwiftPackageReference "firebase-ios-sdk" */;
			productName = "FirebaseInAppMessaging-Beta";
		};
		DB61131D2B504F5A0001BCF6 /* FirebaseInAppMessagingSwift-Beta */ = {
			isa = XCSwiftPackageProductDependency;
			package = DB6112F82B504F5A0001BCF6 /* XCRemoteSwiftPackageReference "firebase-ios-sdk" */;
			productName = "FirebaseInAppMessagingSwift-Beta";
		};
		DB61131F2B504F5A0001BCF6 /* FirebaseInstallations */ = {
			isa = XCSwiftPackageProductDependency;
			package = DB6112F82B504F5A0001BCF6 /* XCRemoteSwiftPackageReference "firebase-ios-sdk" */;
			productName = FirebaseInstallations;
		};
		DB6113212B504F5A0001BCF6 /* FirebaseMLModelDownloader */ = {
			isa = XCSwiftPackageProductDependency;
			package = DB6112F82B504F5A0001BCF6 /* XCRemoteSwiftPackageReference "firebase-ios-sdk" */;
			productName = FirebaseMLModelDownloader;
		};
		DB6113232B504F5A0001BCF6 /* FirebaseMessaging */ = {
			isa = XCSwiftPackageProductDependency;
			package = DB6112F82B504F5A0001BCF6 /* XCRemoteSwiftPackageReference "firebase-ios-sdk" */;
			productName = FirebaseMessaging;
		};
		DB6113252B504F5A0001BCF6 /* FirebasePerformance */ = {
			isa = XCSwiftPackageProductDependency;
			package = DB6112F82B504F5A0001BCF6 /* XCRemoteSwiftPackageReference "firebase-ios-sdk" */;
			productName = FirebasePerformance;
		};
		DB6113272B504F5A0001BCF6 /* FirebaseRemoteConfig */ = {
			isa = XCSwiftPackageProductDependency;
			package = DB6112F82B504F5A0001BCF6 /* XCRemoteSwiftPackageReference "firebase-ios-sdk" */;
			productName = FirebaseRemoteConfig;
		};
		DB6113292B504F5A0001BCF6 /* FirebaseRemoteConfigSwift */ = {
			isa = XCSwiftPackageProductDependency;
			package = DB6112F82B504F5A0001BCF6 /* XCRemoteSwiftPackageReference "firebase-ios-sdk" */;
			productName = FirebaseRemoteConfigSwift;
		};
		DB61132B2B504F5A0001BCF6 /* FirebaseStorage */ = {
			isa = XCSwiftPackageProductDependency;
			package = DB6112F82B504F5A0001BCF6 /* XCRemoteSwiftPackageReference "firebase-ios-sdk" */;
			productName = FirebaseStorage;
		};
		DB61132D2B504F5A0001BCF6 /* FirebaseStorageCombine-Community */ = {
			isa = XCSwiftPackageProductDependency;
			package = DB6112F82B504F5A0001BCF6 /* XCRemoteSwiftPackageReference "firebase-ios-sdk" */;
			productName = "FirebaseStorageCombine-Community";
		};
/* End XCSwiftPackageProductDependency section */
	};
	rootObject = DB39B41D2B4C827300DED6D6 /* Project object */;
}
